// !$*UTF8*$!
{
	archiveVersion = 1;
	classes = {
	};
	objectVersion = 56;
	objects = {

/* Begin PBXBuildFile section */
		2C33A40D2A1C6CF600437770 /* GoogleService-Info.plist in Resources */ = {isa = PBXBuildFile; fileRef = 2C33A40C2A1C6CF600437770 /* GoogleService-Info.plist */; };
		2C33A4102A1C708D00437770 /* FirebaseAnalytics in Frameworks */ = {isa = PBXBuildFile; productRef = 2C33A40F2A1C708D00437770 /* FirebaseAnalytics */; };
		2C33A4122A1C708D00437770 /* FirebaseAnalyticsSwift in Frameworks */ = {isa = PBXBuildFile; productRef = 2C33A4112A1C708D00437770 /* FirebaseAnalyticsSwift */; };
		2C33A4142A1C708D00437770 /* FirebaseFirestore in Frameworks */ = {isa = PBXBuildFile; productRef = 2C33A4132A1C708D00437770 /* FirebaseFirestore */; };
		2C33A4162A1C708D00437770 /* FirebaseFirestoreSwift in Frameworks */ = {isa = PBXBuildFile; productRef = 2C33A4152A1C708D00437770 /* FirebaseFirestoreSwift */; };
		2C33A4182A1C708D00437770 /* FirebaseFunctions in Frameworks */ = {isa = PBXBuildFile; productRef = 2C33A4172A1C708D00437770 /* FirebaseFunctions */; };
		2C33A41A2A1C708D00437770 /* FirebaseInAppMessaging-Beta in Frameworks */ = {isa = PBXBuildFile; productRef = 2C33A4192A1C708D00437770 /* FirebaseInAppMessaging-Beta */; };
		2C33A41C2A1C708D00437770 /* FirebaseInAppMessagingSwift-Beta in Frameworks */ = {isa = PBXBuildFile; productRef = 2C33A41B2A1C708D00437770 /* FirebaseInAppMessagingSwift-Beta */; };
		2C33A41E2A1C708D00437770 /* FirebaseInstallations in Frameworks */ = {isa = PBXBuildFile; productRef = 2C33A41D2A1C708D00437770 /* FirebaseInstallations */; };
		2C33A4202A1C708D00437770 /* FirebaseMessaging in Frameworks */ = {isa = PBXBuildFile; productRef = 2C33A41F2A1C708D00437770 /* FirebaseMessaging */; };
		2C33A4222A1C708D00437770 /* FirebaseStorage in Frameworks */ = {isa = PBXBuildFile; productRef = 2C33A4212A1C708D00437770 /* FirebaseStorage */; };
		2C33A4242A1C748900437770 /* SQLiteManager.swift in Sources */ = {isa = PBXBuildFile; fileRef = 2C33A4232A1C748900437770 /* SQLiteManager.swift */; };
		2C33A4262A1C752300437770 /* FirestoreManager.swift in Sources */ = {isa = PBXBuildFile; fileRef = 2C33A4252A1C752300437770 /* FirestoreManager.swift */; };
		2C33A4282A1C901C00437770 /* DataModel.swift in Sources */ = {isa = PBXBuildFile; fileRef = 2C33A4272A1C901C00437770 /* DataModel.swift */; };
		2CB94F992A13251F00CAD18D /* Rule_ZeroApp.swift in Sources */ = {isa = PBXBuildFile; fileRef = 2CB94F982A13251F00CAD18D /* Rule_ZeroApp.swift */; };
		2CB94F9B2A13251F00CAD18D /* ContentView.swift in Sources */ = {isa = PBXBuildFile; fileRef = 2CB94F9A2A13251F00CAD18D /* ContentView.swift */; };
		2CB94F9D2A13252100CAD18D /* Assets.xcassets in Resources */ = {isa = PBXBuildFile; fileRef = 2CB94F9C2A13252100CAD18D /* Assets.xcassets */; };
		2CB94FA02A13252100CAD18D /* Preview Assets.xcassets in Resources */ = {isa = PBXBuildFile; fileRef = 2CB94F9F2A13252100CAD18D /* Preview Assets.xcassets */; };
		2CB94FA82A132D2F00CAD18D /* GRDB in Frameworks */ = {isa = PBXBuildFile; productRef = 2CB94FA72A132D2F00CAD18D /* GRDB */; };
/* End PBXBuildFile section */

/* Begin PBXFileReference section */
		2C33A40C2A1C6CF600437770 /* GoogleService-Info.plist */ = {isa = PBXFileReference; fileEncoding = 4; lastKnownFileType = text.plist.xml; path = "GoogleService-Info.plist"; sourceTree = "<group>"; };
		2C33A4232A1C748900437770 /* SQLiteManager.swift */ = {isa = PBXFileReference; lastKnownFileType = sourcecode.swift; path = SQLiteManager.swift; sourceTree = "<group>"; };
		2C33A4252A1C752300437770 /* FirestoreManager.swift */ = {isa = PBXFileReference; lastKnownFileType = sourcecode.swift; path = FirestoreManager.swift; sourceTree = "<group>"; };
		2C33A4272A1C901C00437770 /* DataModel.swift */ = {isa = PBXFileReference; lastKnownFileType = sourcecode.swift; path = DataModel.swift; sourceTree = "<group>"; };
		2CB94F952A13251F00CAD18D /* Rule Zero.app */ = {isa = PBXFileReference; explicitFileType = wrapper.application; includeInIndex = 0; path = "Rule Zero.app"; sourceTree = BUILT_PRODUCTS_DIR; };
		2CB94F982A13251F00CAD18D /* Rule_ZeroApp.swift */ = {isa = PBXFileReference; lastKnownFileType = sourcecode.swift; path = Rule_ZeroApp.swift; sourceTree = "<group>"; };
		2CB94F9A2A13251F00CAD18D /* ContentView.swift */ = {isa = PBXFileReference; lastKnownFileType = sourcecode.swift; path = ContentView.swift; sourceTree = "<group>"; };
		2CB94F9C2A13252100CAD18D /* Assets.xcassets */ = {isa = PBXFileReference; lastKnownFileType = folder.assetcatalog; path = Assets.xcassets; sourceTree = "<group>"; };
		2CB94F9F2A13252100CAD18D /* Preview Assets.xcassets */ = {isa = PBXFileReference; lastKnownFileType = folder.assetcatalog; path = "Preview Assets.xcassets"; sourceTree = "<group>"; };
/* End PBXFileReference section */

/* Begin PBXFrameworksBuildPhase section */
		2CB94F922A13251F00CAD18D /* Frameworks */ = {
			isa = PBXFrameworksBuildPhase;
			buildActionMask = 2147483647;
			files = (
				2C33A4162A1C708D00437770 /* FirebaseFirestoreSwift in Frameworks */,
				2C33A41A2A1C708D00437770 /* FirebaseInAppMessaging-Beta in Frameworks */,
				2C33A4202A1C708D00437770 /* FirebaseMessaging in Frameworks */,
				2C33A41C2A1C708D00437770 /* FirebaseInAppMessagingSwift-Beta in Frameworks */,
				2C33A41E2A1C708D00437770 /* FirebaseInstallations in Frameworks */,
				2C33A4122A1C708D00437770 /* FirebaseAnalyticsSwift in Frameworks */,
				2C33A4142A1C708D00437770 /* FirebaseFirestore in Frameworks */,
				2C33A4182A1C708D00437770 /* FirebaseFunctions in Frameworks */,
				2C33A4222A1C708D00437770 /* FirebaseStorage in Frameworks */,
				2C33A4102A1C708D00437770 /* FirebaseAnalytics in Frameworks */,
				2CB94FA82A132D2F00CAD18D /* GRDB in Frameworks */,
			);
			runOnlyForDeploymentPostprocessing = 0;
		};
/* End PBXFrameworksBuildPhase section */

/* Begin PBXGroup section */
		2CB94F8C2A13251F00CAD18D = {
			isa = PBXGroup;
			children = (
				2CB94F972A13251F00CAD18D /* Rule Zero */,
				2CB94F962A13251F00CAD18D /* Products */,
			);
			sourceTree = "<group>";
		};
		2CB94F962A13251F00CAD18D /* Products */ = {
			isa = PBXGroup;
			children = (
				2CB94F952A13251F00CAD18D /* Rule Zero.app */,
			);
			name = Products;
			sourceTree = "<group>";
		};
		2CB94F972A13251F00CAD18D /* Rule Zero */ = {
			isa = PBXGroup;
			children = (
				2CB94F982A13251F00CAD18D /* Rule_ZeroApp.swift */,
				2CB94F9A2A13251F00CAD18D /* ContentView.swift */,
				2CB94F9C2A13252100CAD18D /* Assets.xcassets */,
				2C33A40C2A1C6CF600437770 /* GoogleService-Info.plist */,
				2CB94F9E2A13252100CAD18D /* Preview Content */,
				2C33A4232A1C748900437770 /* SQLiteManager.swift */,
				2C33A4252A1C752300437770 /* FirestoreManager.swift */,
				2C33A4272A1C901C00437770 /* DataModel.swift */,
			);
			path = "Rule Zero";
			sourceTree = "<group>";
		};
		2CB94F9E2A13252100CAD18D /* Preview Content */ = {
			isa = PBXGroup;
			children = (
				2CB94F9F2A13252100CAD18D /* Preview Assets.xcassets */,
			);
			path = "Preview Content";
			sourceTree = "<group>";
		};
/* End PBXGroup section */

/* Begin PBXNativeTarget section */
		2CB94F942A13251F00CAD18D /* Rule Zero */ = {
			isa = PBXNativeTarget;
			buildConfigurationList = 2CB94FA32A13252100CAD18D /* Build configuration list for PBXNativeTarget "Rule Zero" */;
			buildPhases = (
				2CB94F912A13251F00CAD18D /* Sources */,
				2CB94F922A13251F00CAD18D /* Frameworks */,
				2CB94F932A13251F00CAD18D /* Resources */,
			);
			buildRules = (
			);
			dependencies = (
			);
			name = "Rule Zero";
			packageProductDependencies = (
				2CB94FA72A132D2F00CAD18D /* GRDB */,
				2C33A40F2A1C708D00437770 /* FirebaseAnalytics */,
				2C33A4112A1C708D00437770 /* FirebaseAnalyticsSwift */,
				2C33A4132A1C708D00437770 /* FirebaseFirestore */,
				2C33A4152A1C708D00437770 /* FirebaseFirestoreSwift */,
				2C33A4172A1C708D00437770 /* FirebaseFunctions */,
				2C33A4192A1C708D00437770 /* FirebaseInAppMessaging-Beta */,
				2C33A41B2A1C708D00437770 /* FirebaseInAppMessagingSwift-Beta */,
				2C33A41D2A1C708D00437770 /* FirebaseInstallations */,
				2C33A41F2A1C708D00437770 /* FirebaseMessaging */,
				2C33A4212A1C708D00437770 /* FirebaseStorage */,
			);
			productName = "Rule Zero";
			productReference = 2CB94F952A13251F00CAD18D /* Rule Zero.app */;
			productType = "com.apple.product-type.application";
		};
/* End PBXNativeTarget section */

/* Begin PBXProject section */
		2CB94F8D2A13251F00CAD18D /* Project object */ = {
			isa = PBXProject;
			attributes = {
				BuildIndependentTargetsInParallel = 1;
				LastSwiftUpdateCheck = 1430;
				LastUpgradeCheck = 1430;
				TargetAttributes = {
					2CB94F942A13251F00CAD18D = {
						CreatedOnToolsVersion = 14.3;
					};
				};
			};
			buildConfigurationList = 2CB94F902A13251F00CAD18D /* Build configuration list for PBXProject "Rule Zero" */;
			compatibilityVersion = "Xcode 14.0";
			developmentRegion = en;
			hasScannedForEncodings = 0;
			knownRegions = (
				en,
				Base,
			);
			mainGroup = 2CB94F8C2A13251F00CAD18D;
			packageReferences = (
				2CB94FA62A132D2F00CAD18D /* XCRemoteSwiftPackageReference "GRDB.swift" */,
				2C33A40E2A1C708D00437770 /* XCRemoteSwiftPackageReference "firebase-ios-sdk" */,
			);
			productRefGroup = 2CB94F962A13251F00CAD18D /* Products */;
			projectDirPath = "";
			projectRoot = "";
			targets = (
				2CB94F942A13251F00CAD18D /* Rule Zero */,
			);
		};
/* End PBXProject section */

/* Begin PBXResourcesBuildPhase section */
		2CB94F932A13251F00CAD18D /* Resources */ = {
			isa = PBXResourcesBuildPhase;
			buildActionMask = 2147483647;
			files = (
				2CB94FA02A13252100CAD18D /* Preview Assets.xcassets in Resources */,
				2CB94F9D2A13252100CAD18D /* Assets.xcassets in Resources */,
				2C33A40D2A1C6CF600437770 /* GoogleService-Info.plist in Resources */,
			);
			runOnlyForDeploymentPostprocessing = 0;
		};
/* End PBXResourcesBuildPhase section */

/* Begin PBXSourcesBuildPhase section */
		2CB94F912A13251F00CAD18D /* Sources */ = {
			isa = PBXSourcesBuildPhase;
			buildActionMask = 2147483647;
			files = (
				2C33A4282A1C901C00437770 /* DataModel.swift in Sources */,
				2C33A4242A1C748900437770 /* SQLiteManager.swift in Sources */,
				2CB94F9B2A13251F00CAD18D /* ContentView.swift in Sources */,
				2CB94F992A13251F00CAD18D /* Rule_ZeroApp.swift in Sources */,
				2C33A4262A1C752300437770 /* FirestoreManager.swift in Sources */,
			);
			runOnlyForDeploymentPostprocessing = 0;
		};
/* End PBXSourcesBuildPhase section */

/* Begin XCBuildConfiguration section */
		2CB94FA12A13252100CAD18D /* Debug */ = {
			isa = XCBuildConfiguration;
			buildSettings = {
				ALWAYS_SEARCH_USER_PATHS = NO;
				CLANG_ANALYZER_NONNULL = YES;
				CLANG_ANALYZER_NUMBER_OBJECT_CONVERSION = YES_AGGRESSIVE;
				CLANG_CXX_LANGUAGE_STANDARD = "gnu++20";
				CLANG_ENABLE_MODULES = YES;
				CLANG_ENABLE_OBJC_ARC = YES;
				CLANG_ENABLE_OBJC_WEAK = YES;
				CLANG_WARN_BLOCK_CAPTURE_AUTORELEASING = YES;
				CLANG_WARN_BOOL_CONVERSION = YES;
				CLANG_WARN_COMMA = YES;
				CLANG_WARN_CONSTANT_CONVERSION = YES;
				CLANG_WARN_DEPRECATED_OBJC_IMPLEMENTATIONS = YES;
				CLANG_WARN_DIRECT_OBJC_ISA_USAGE = YES_ERROR;
				CLANG_WARN_DOCUMENTATION_COMMENTS = YES;
				CLANG_WARN_EMPTY_BODY = YES;
				CLANG_WARN_ENUM_CONVERSION = YES;
				CLANG_WARN_INFINITE_RECURSION = YES;
				CLANG_WARN_INT_CONVERSION = YES;
				CLANG_WARN_NON_LITERAL_NULL_CONVERSION = YES;
				CLANG_WARN_OBJC_IMPLICIT_RETAIN_SELF = YES;
				CLANG_WARN_OBJC_LITERAL_CONVERSION = YES;
				CLANG_WARN_OBJC_ROOT_CLASS = YES_ERROR;
				CLANG_WARN_QUOTED_INCLUDE_IN_FRAMEWORK_HEADER = YES;
				CLANG_WARN_RANGE_LOOP_ANALYSIS = YES;
				CLANG_WARN_STRICT_PROTOTYPES = YES;
				CLANG_WARN_SUSPICIOUS_MOVE = YES;
				CLANG_WARN_UNGUARDED_AVAILABILITY = YES_AGGRESSIVE;
				CLANG_WARN_UNREACHABLE_CODE = YES;
				CLANG_WARN__DUPLICATE_METHOD_MATCH = YES;
				COPY_PHASE_STRIP = NO;
				DEBUG_INFORMATION_FORMAT = dwarf;
				ENABLE_STRICT_OBJC_MSGSEND = YES;
				ENABLE_TESTABILITY = YES;
				GCC_C_LANGUAGE_STANDARD = gnu11;
				GCC_DYNAMIC_NO_PIC = NO;
				GCC_NO_COMMON_BLOCKS = YES;
				GCC_OPTIMIZATION_LEVEL = 0;
				GCC_PREPROCESSOR_DEFINITIONS = (
					"DEBUG=1",
					"$(inherited)",
				);
				GCC_WARN_64_TO_32_BIT_CONVERSION = YES;
				GCC_WARN_ABOUT_RETURN_TYPE = YES_ERROR;
				GCC_WARN_UNDECLARED_SELECTOR = YES;
				GCC_WARN_UNINITIALIZED_AUTOS = YES_AGGRESSIVE;
				GCC_WARN_UNUSED_FUNCTION = YES;
				GCC_WARN_UNUSED_VARIABLE = YES;
				IPHONEOS_DEPLOYMENT_TARGET = 16.4;
				MTL_ENABLE_DEBUG_INFO = INCLUDE_SOURCE;
				MTL_FAST_MATH = YES;
				ONLY_ACTIVE_ARCH = YES;
				SDKROOT = iphoneos;
				SWIFT_ACTIVE_COMPILATION_CONDITIONS = DEBUG;
				SWIFT_OPTIMIZATION_LEVEL = "-Onone";
			};
			name = Debug;
		};
		2CB94FA22A13252100CAD18D /* Release */ = {
			isa = XCBuildConfiguration;
			buildSettings = {
				ALWAYS_SEARCH_USER_PATHS = NO;
				CLANG_ANALYZER_NONNULL = YES;
				CLANG_ANALYZER_NUMBER_OBJECT_CONVERSION = YES_AGGRESSIVE;
				CLANG_CXX_LANGUAGE_STANDARD = "gnu++20";
				CLANG_ENABLE_MODULES = YES;
				CLANG_ENABLE_OBJC_ARC = YES;
				CLANG_ENABLE_OBJC_WEAK = YES;
				CLANG_WARN_BLOCK_CAPTURE_AUTORELEASING = YES;
				CLANG_WARN_BOOL_CONVERSION = YES;
				CLANG_WARN_COMMA = YES;
				CLANG_WARN_CONSTANT_CONVERSION = YES;
				CLANG_WARN_DEPRECATED_OBJC_IMPLEMENTATIONS = YES;
				CLANG_WARN_DIRECT_OBJC_ISA_USAGE = YES_ERROR;
				CLANG_WARN_DOCUMENTATION_COMMENTS = YES;
				CLANG_WARN_EMPTY_BODY = YES;
				CLANG_WARN_ENUM_CONVERSION = YES;
				CLANG_WARN_INFINITE_RECURSION = YES;
				CLANG_WARN_INT_CONVERSION = YES;
				CLANG_WARN_NON_LITERAL_NULL_CONVERSION = YES;
				CLANG_WARN_OBJC_IMPLICIT_RETAIN_SELF = YES;
				CLANG_WARN_OBJC_LITERAL_CONVERSION = YES;
				CLANG_WARN_OBJC_ROOT_CLASS = YES_ERROR;
				CLANG_WARN_QUOTED_INCLUDE_IN_FRAMEWORK_HEADER = YES;
				CLANG_WARN_RANGE_LOOP_ANALYSIS = YES;
				CLANG_WARN_STRICT_PROTOTYPES = YES;
				CLANG_WARN_SUSPICIOUS_MOVE = YES;
				CLANG_WARN_UNGUARDED_AVAILABILITY = YES_AGGRESSIVE;
				CLANG_WARN_UNREACHABLE_CODE = YES;
				CLANG_WARN__DUPLICATE_METHOD_MATCH = YES;
				COPY_PHASE_STRIP = NO;
				DEBUG_INFORMATION_FORMAT = "dwarf-with-dsym";
				ENABLE_NS_ASSERTIONS = NO;
				ENABLE_STRICT_OBJC_MSGSEND = YES;
				GCC_C_LANGUAGE_STANDARD = gnu11;
				GCC_NO_COMMON_BLOCKS = YES;
				GCC_WARN_64_TO_32_BIT_CONVERSION = YES;
				GCC_WARN_ABOUT_RETURN_TYPE = YES_ERROR;
				GCC_WARN_UNDECLARED_SELECTOR = YES;
				GCC_WARN_UNINITIALIZED_AUTOS = YES_AGGRESSIVE;
				GCC_WARN_UNUSED_FUNCTION = YES;
				GCC_WARN_UNUSED_VARIABLE = YES;
				IPHONEOS_DEPLOYMENT_TARGET = 16.4;
				MTL_ENABLE_DEBUG_INFO = NO;
				MTL_FAST_MATH = YES;
				SDKROOT = iphoneos;
				SWIFT_COMPILATION_MODE = wholemodule;
				SWIFT_OPTIMIZATION_LEVEL = "-O";
				VALIDATE_PRODUCT = YES;
			};
			name = Release;
		};
		2CB94FA42A13252100CAD18D /* Debug */ = {
			isa = XCBuildConfiguration;
			buildSettings = {
				ASSETCATALOG_COMPILER_APPICON_NAME = AppIcon;
				ASSETCATALOG_COMPILER_GLOBAL_ACCENT_COLOR_NAME = AccentColor;
				CODE_SIGN_STYLE = Automatic;
				CURRENT_PROJECT_VERSION = 1;
				DEVELOPMENT_ASSET_PATHS = "\"Rule Zero/Preview Content\"";
				DEVELOPMENT_TEAM = 79X64CRQXT;
				ENABLE_PREVIEWS = YES;
				GENERATE_INFOPLIST_FILE = YES;
				INFOPLIST_KEY_UIApplicationSceneManifest_Generation = YES;
				INFOPLIST_KEY_UIApplicationSupportsIndirectInputEvents = YES;
				INFOPLIST_KEY_UILaunchScreen_Generation = YES;
				INFOPLIST_KEY_UISupportedInterfaceOrientations_iPad = "UIInterfaceOrientationPortrait UIInterfaceOrientationPortraitUpsideDown UIInterfaceOrientationLandscapeLeft UIInterfaceOrientationLandscapeRight";
				INFOPLIST_KEY_UISupportedInterfaceOrientations_iPhone = "UIInterfaceOrientationPortrait UIInterfaceOrientationLandscapeLeft UIInterfaceOrientationLandscapeRight";
				LD_RUNPATH_SEARCH_PATHS = (
					"$(inherited)",
					"@executable_path/Frameworks",
				);
				MARKETING_VERSION = 1.0;
				PRODUCT_BUNDLE_IDENTIFIER = "com.MarcusKim.Rule-Zero";
				PRODUCT_NAME = "$(TARGET_NAME)";
				SWIFT_EMIT_LOC_STRINGS = YES;
				SWIFT_VERSION = 5.0;
				TARGETED_DEVICE_FAMILY = "1,2";
			};
			name = Debug;
		};
		2CB94FA52A13252100CAD18D /* Release */ = {
			isa = XCBuildConfiguration;
			buildSettings = {
				ASSETCATALOG_COMPILER_APPICON_NAME = AppIcon;
				ASSETCATALOG_COMPILER_GLOBAL_ACCENT_COLOR_NAME = AccentColor;
				CODE_SIGN_STYLE = Automatic;
				CURRENT_PROJECT_VERSION = 1;
				DEVELOPMENT_ASSET_PATHS = "\"Rule Zero/Preview Content\"";
				DEVELOPMENT_TEAM = 79X64CRQXT;
				ENABLE_PREVIEWS = YES;
				GENERATE_INFOPLIST_FILE = YES;
				INFOPLIST_KEY_UIApplicationSceneManifest_Generation = YES;
				INFOPLIST_KEY_UIApplicationSupportsIndirectInputEvents = YES;
				INFOPLIST_KEY_UILaunchScreen_Generation = YES;
				INFOPLIST_KEY_UISupportedInterfaceOrientations_iPad = "UIInterfaceOrientationPortrait UIInterfaceOrientationPortraitUpsideDown UIInterfaceOrientationLandscapeLeft UIInterfaceOrientationLandscapeRight";
				INFOPLIST_KEY_UISupportedInterfaceOrientations_iPhone = "UIInterfaceOrientationPortrait UIInterfaceOrientationLandscapeLeft UIInterfaceOrientationLandscapeRight";
				LD_RUNPATH_SEARCH_PATHS = (
					"$(inherited)",
					"@executable_path/Frameworks",
				);
				MARKETING_VERSION = 1.0;
				PRODUCT_BUNDLE_IDENTIFIER = "com.MarcusKim.Rule-Zero";
				PRODUCT_NAME = "$(TARGET_NAME)";
				SWIFT_EMIT_LOC_STRINGS = YES;
				SWIFT_VERSION = 5.0;
				TARGETED_DEVICE_FAMILY = "1,2";
			};
			name = Release;
		};
/* End XCBuildConfiguration section */

/* Begin XCConfigurationList section */
		2CB94F902A13251F00CAD18D /* Build configuration list for PBXProject "Rule Zero" */ = {
			isa = XCConfigurationList;
			buildConfigurations = (
				2CB94FA12A13252100CAD18D /* Debug */,
				2CB94FA22A13252100CAD18D /* Release */,
			);
			defaultConfigurationIsVisible = 0;
			defaultConfigurationName = Release;
		};
		2CB94FA32A13252100CAD18D /* Build configuration list for PBXNativeTarget "Rule Zero" */ = {
			isa = XCConfigurationList;
			buildConfigurations = (
				2CB94FA42A13252100CAD18D /* Debug */,
				2CB94FA52A13252100CAD18D /* Release */,
			);
			defaultConfigurationIsVisible = 0;
			defaultConfigurationName = Release;
		};
/* End XCConfigurationList section */

/* Begin XCRemoteSwiftPackageReference section */
		2C33A40E2A1C708D00437770 /* XCRemoteSwiftPackageReference "firebase-ios-sdk" */ = {
			isa = XCRemoteSwiftPackageReference;
			repositoryURL = "https://github.com/firebase/firebase-ios-sdk";
			requirement = {
				kind = upToNextMajorVersion;
				minimumVersion = 10.0.0;
			};
		};
		2CB94FA62A132D2F00CAD18D /* XCRemoteSwiftPackageReference "GRDB.swift" */ = {
			isa = XCRemoteSwiftPackageReference;
			repositoryURL = "https://github.com/groue/GRDB.swift.git";
			requirement = {
				branch = master;
				kind = branch;
			};
		};
/* End XCRemoteSwiftPackageReference section */

/* Begin XCSwiftPackageProductDependency section */
		2C33A40F2A1C708D00437770 /* FirebaseAnalytics */ = {
			isa = XCSwiftPackageProductDependency;
			package = 2C33A40E2A1C708D00437770 /* XCRemoteSwiftPackageReference "firebase-ios-sdk" */;
			productName = FirebaseAnalytics;
		};
		2C33A4112A1C708D00437770 /* FirebaseAnalyticsSwift */ = {
			isa = XCSwiftPackageProductDependency;
			package = 2C33A40E2A1C708D00437770 /* XCRemoteSwiftPackageReference "firebase-ios-sdk" */;
			productName = FirebaseAnalyticsSwift;
		};
		2C33A4132A1C708D00437770 /* FirebaseFirestore */ = {
			isa = XCSwiftPackageProductDependency;
			package = 2C33A40E2A1C708D00437770 /* XCRemoteSwiftPackageReference "firebase-ios-sdk" */;
			productName = FirebaseFirestore;
		};
		2C33A4152A1C708D00437770 /* FirebaseFirestoreSwift */ = {
			isa = XCSwiftPackageProductDependency;
			package = 2C33A40E2A1C708D00437770 /* XCRemoteSwiftPackageReference "firebase-ios-sdk" */;
			productName = FirebaseFirestoreSwift;
		};
		2C33A4172A1C708D00437770 /* FirebaseFunctions */ = {
			isa = XCSwiftPackageProductDependency;
			package = 2C33A40E2A1C708D00437770 /* XCRemoteSwiftPackageReference "firebase-ios-sdk" */;
			productName = FirebaseFunctions;
		};
		2C33A4192A1C708D00437770 /* FirebaseInAppMessaging-Beta */ = {
			isa = XCSwiftPackageProductDependency;
			package = 2C33A40E2A1C708D00437770 /* XCRemoteSwiftPackageReference "firebase-ios-sdk" */;
			productName = "FirebaseInAppMessaging-Beta";
		};
		2C33A41B2A1C708D00437770 /* FirebaseInAppMessagingSwift-Beta */ = {
			isa = XCSwiftPackageProductDependency;
			package = 2C33A40E2A1C708D00437770 /* XCRemoteSwiftPackageReference "firebase-ios-sdk" */;
			productName = "FirebaseInAppMessagingSwift-Beta";
		};
		2C33A41D2A1C708D00437770 /* FirebaseInstallations */ = {
			isa = XCSwiftPackageProductDependency;
			package = 2C33A40E2A1C708D00437770 /* XCRemoteSwiftPackageReference "firebase-ios-sdk" */;
			productName = FirebaseInstallations;
		};
		2C33A41F2A1C708D00437770 /* FirebaseMessaging */ = {
			isa = XCSwiftPackageProductDependency;
			package = 2C33A40E2A1C708D00437770 /* XCRemoteSwiftPackageReference "firebase-ios-sdk" */;
			productName = FirebaseMessaging;
		};
		2C33A4212A1C708D00437770 /* FirebaseStorage */ = {
			isa = XCSwiftPackageProductDependency;
			package = 2C33A40E2A1C708D00437770 /* XCRemoteSwiftPackageReference "firebase-ios-sdk" */;
			productName = FirebaseStorage;
		};
		2CB94FA72A132D2F00CAD18D /* GRDB */ = {
			isa = XCSwiftPackageProductDependency;
			package = 2CB94FA62A132D2F00CAD18D /* XCRemoteSwiftPackageReference "GRDB.swift" */;
			productName = GRDB;
		};
/* End XCSwiftPackageProductDependency section */
	};
	rootObject = 2CB94F8D2A13251F00CAD18D /* Project object */;
}
